
Microsoft Visual Studio Solution File, Format Version 12.00
# Visual Studio 15
VisualStudioVersion = 15.0.27428.2027
MinimumVisualStudioVersion = 10.0.40219.1
Project("{9A19103F-16F7-4668-BE54-9A1E7A4F7556}") = "SudokuSolver", "SudokuSolver\SudokuSolver.csproj", "{7B3963BA-4F41-4F71-BBA4-A4E77705ADF5}"
EndProject
Global
	GlobalSection(SolutionConfigurationPlatforms) = preSolution
		Debug|Any CPU = Debug|Any CPU
		Release|Any CPU = Release|Any CPU
	EndGlobalSection
	GlobalSection(ProjectConfigurationPlatforms) = postSolution
		{7B3963BA-4F41-4F71-BBA4-A4E77705ADF5}.Debug|Any CPU.ActiveCfg = Debug|Any CPU
		{7B3963BA-4F41-4F71-BBA4-A4E77705ADF5}.Debug|Any CPU.Build.0 = Debug|Any CPU
		{7B3963BA-4F41-4F71-BBA4-A4E77705ADF5}.Release|Any CPU.ActiveCfg = Release|Any CPU
		{7B3963BA-4F41-4F71-BBA4-A4E77705ADF5}.Release|Any CPU.Build.0 = Release|Any CPU
	EndGlobalSection
	GlobalSection(SolutionProperties) = preSolution
		HideSolutionNode = FALSE
	EndGlobalSection
	GlobalSection(ExtensibilityGlobals) = postSolution
		SolutionGuid = {DA6A25F8-5D9F-493A-B0F2-EB8E9DF8BE7B}
	EndGlobalSection
EndGlobal
